
Microsoft Visual Studio Solution File, Format Version 12.00
# Visual Studio 15
VisualStudioVersion = 15.0.26730.15
MinimumVisualStudioVersion = 10.0.40219.1
Project("{FAE04EC0-301F-11D3-BF4B-00C04F79EFBC}") = "Telega", "Telega\Telega.csproj", "{6390075E-0C55-48EB-B0A3-F54453D482B3}"
EndProject
Global
	GlobalSection(SolutionConfigurationPlatforms) = preSolution
		Debug|Any CPU = Debug|Any CPU
		Release|Any CPU = Release|Any CPU
	EndGlobalSection
	GlobalSection(ProjectConfigurationPlatforms) = postSolution
		{6390075E-0C55-48EB-B0A3-F54453D482B3}.Debug|Any CPU.ActiveCfg = Debug|Any CPU
		{6390075E-0C55-48EB-B0A3-F54453D482B3}.Debug|Any CPU.Build.0 = Debug|Any CPU
		{6390075E-0C55-48EB-B0A3-F54453D482B3}.Release|Any CPU.ActiveCfg = Release|Any CPU
		{6390075E-0C55-48EB-B0A3-F54453D482B3}.Release|Any CPU.Build.0 = Release|Any CPU
	EndGlobalSection
	GlobalSection(SolutionProperties) = preSolution
		HideSolutionNode = FALSE
	EndGlobalSection
	GlobalSection(ExtensibilityGlobals) = postSolution
		SolutionGuid = {F3C3DF34-8310-414E-B0F8-901A0056AE86}
	EndGlobalSection
EndGlobal
